
Microsoft Visual Studio Solution File, Format Version 12.00
# Visual Studio Version 17
VisualStudioVersion = 17.6.33829.357
MinimumVisualStudioVersion = 10.0.40219.1
Project("***REMOVED***FAE04EC0-301F-11D3-BF4B-00C04F79EFBC***REMOVED***") = "ProyectoAdminBD", "ProyectoAdminBD\ProyectoAdminBD.csproj", "***REMOVED***1169E939-A5B6-4BD5-AC84-0CE82E20B511***REMOVED***"
EndProject
Global
	GlobalSection(SolutionConfigurationPlatforms) = preSolution
		Debug|Any CPU = Debug|Any CPU
		Release|Any CPU = Release|Any CPU
	EndGlobalSection
	GlobalSection(ProjectConfigurationPlatforms) = postSolution
		***REMOVED***1169E939-A5B6-4BD5-AC84-0CE82E20B511***REMOVED***.Debug|Any CPU.ActiveCfg = Debug|Any CPU
		***REMOVED***1169E939-A5B6-4BD5-AC84-0CE82E20B511***REMOVED***.Debug|Any CPU.Build.0 = Debug|Any CPU
		***REMOVED***1169E939-A5B6-4BD5-AC84-0CE82E20B511***REMOVED***.Release|Any CPU.ActiveCfg = Release|Any CPU
		***REMOVED***1169E939-A5B6-4BD5-AC84-0CE82E20B511***REMOVED***.Release|Any CPU.Build.0 = Release|Any CPU
	EndGlobalSection
	GlobalSection(SolutionProperties) = preSolution
		HideSolutionNode = FALSE
	EndGlobalSection
	GlobalSection(ExtensibilityGlobals) = postSolution
		SolutionGuid = ***REMOVED***9AC3ABEB-C835-401A-BDCC-DB41CA013E12***REMOVED***
	EndGlobalSection
EndGlobal
