
Microsoft Visual Studio Solution File, Format Version 12.00
# Visual Studio Version 17
VisualStudioVersion = 17.6.33829.357
MinimumVisualStudioVersion = 10.0.40219.1
Project("{9A19103F-16F7-4668-BE54-9A1E7A4F7556}") = "ProyectoAdminBD", "ProyectoAdminBD\ProyectoAdminBD.csproj", "{1169E939-A5B6-4BD5-AC84-0CE82E20B511}"
EndProject
Project("{2150E333-8FDC-42A3-9474-1A3956D46DE8}") = "Solution Items", "Solution Items", "{60FA9909-25A4-40B1-968D-5D6B614F507D}"
EndProject
Global
	GlobalSection(SolutionConfigurationPlatforms) = preSolution
		Debug|Any CPU = Debug|Any CPU
		Release|Any CPU = Release|Any CPU
	EndGlobalSection
	GlobalSection(ProjectConfigurationPlatforms) = postSolution
		{1169E939-A5B6-4BD5-AC84-0CE82E20B511}.Debug|Any CPU.ActiveCfg = Debug|Any CPU
		{1169E939-A5B6-4BD5-AC84-0CE82E20B511}.Debug|Any CPU.Build.0 = Debug|Any CPU
		{1169E939-A5B6-4BD5-AC84-0CE82E20B511}.Release|Any CPU.ActiveCfg = Release|Any CPU
		{1169E939-A5B6-4BD5-AC84-0CE82E20B511}.Release|Any CPU.Build.0 = Release|Any CPU
	EndGlobalSection
	GlobalSection(SolutionProperties) = preSolution
		HideSolutionNode = FALSE
	EndGlobalSection
	GlobalSection(ExtensibilityGlobals) = postSolution
		SolutionGuid = {9AC3ABEB-C835-401A-BDCC-DB41CA013E12}
	EndGlobalSection
EndGlobal
